
Microsoft Visual Studio Solution File, Format Version 12.00
# Visual Studio Version 16
VisualStudioVersion = 16.0.34601.136
MinimumVisualStudioVersion = 10.0.40219.1
Project("{FAE04EC0-301F-11D3-BF4B-00C04F79EFBC}") = "JSON Parser", "JSON Parser.csproj", "{ED66ECBF-18DB-4754-8DB4-677480D145DB}"
EndProject
Global
	GlobalSection(SolutionConfigurationPlatforms) = preSolution
		Debug|Any CPU = Debug|Any CPU
		Release|Any CPU = Release|Any CPU
	EndGlobalSection
	GlobalSection(ProjectConfigurationPlatforms) = postSolution
		{ED66ECBF-18DB-4754-8DB4-677480D145DB}.Debug|Any CPU.ActiveCfg = Debug|Any CPU
		{ED66ECBF-18DB-4754-8DB4-677480D145DB}.Debug|Any CPU.Build.0 = Debug|Any CPU
		{ED66ECBF-18DB-4754-8DB4-677480D145DB}.Release|Any CPU.ActiveCfg = Release|Any CPU
		{ED66ECBF-18DB-4754-8DB4-677480D145DB}.Release|Any CPU.Build.0 = Release|Any CPU
	EndGlobalSection
	GlobalSection(SolutionProperties) = preSolution
		HideSolutionNode = FALSE
	EndGlobalSection
	GlobalSection(ExtensibilityGlobals) = postSolution
		SolutionGuid = {4EC37B3C-E9C4-40EA-89F3-3B3AD6234023}
	EndGlobalSection
EndGlobal
